
Microsoft Visual Studio Solution File, Format Version 12.00
# Visual Studio Version 17
VisualStudioVersion = 17.5.33530.505
MinimumVisualStudioVersion = 10.0.40219.1
Project("{FAE04EC0-301F-11D3-BF4B-00C04F79EFBC}") = "B_ControlFlow", "B_ControlFlow\B_ControlFlow.csproj", "{479BA947-37B1-4F46-9530-768C7234ACA4}"
EndProject
Global
	GlobalSection(SolutionConfigurationPlatforms) = preSolution
		Debug|Any CPU = Debug|Any CPU
		Release|Any CPU = Release|Any CPU
	EndGlobalSection
	GlobalSection(ProjectConfigurationPlatforms) = postSolution
		{479BA947-37B1-4F46-9530-768C7234ACA4}.Debug|Any CPU.ActiveCfg = Debug|Any CPU
		{479BA947-37B1-4F46-9530-768C7234ACA4}.Debug|Any CPU.Build.0 = Debug|Any CPU
		{479BA947-37B1-4F46-9530-768C7234ACA4}.Release|Any CPU.ActiveCfg = Release|Any CPU
		{479BA947-37B1-4F46-9530-768C7234ACA4}.Release|Any CPU.Build.0 = Release|Any CPU
	EndGlobalSection
	GlobalSection(SolutionProperties) = preSolution
		HideSolutionNode = FALSE
	EndGlobalSection
	GlobalSection(ExtensibilityGlobals) = postSolution
		SolutionGuid = {DBDFB4E8-6C4A-45A6-A169-15A0E4EEEACC}
	EndGlobalSection
EndGlobal
